// !$*UTF8*$!
{
	archiveVersion = 1;
	classes = {
	};
	objectVersion = 50;
	objects = {

/* Begin PBXBuildFile section */
		F01DBCED268F039000034F3C /* AppDelegate.swift in Sources */ = {isa = PBXBuildFile; fileRef = F01DBCEC268F039000034F3C /* AppDelegate.swift */; };
		F01DBCEF268F039000034F3C /* SceneDelegate.swift in Sources */ = {isa = PBXBuildFile; fileRef = F01DBCEE268F039000034F3C /* SceneDelegate.swift */; };
		F01DBCF1268F039000034F3C /* ViewController.swift in Sources */ = {isa = PBXBuildFile; fileRef = F01DBCF0268F039000034F3C /* ViewController.swift */; };
		F01DBCF4268F039000034F3C /* Main.storyboard in Resources */ = {isa = PBXBuildFile; fileRef = F01DBCF2268F039000034F3C /* Main.storyboard */; };
		F01DBCF7268F039000034F3C /* Color_MagicPad.xcdatamodeld in Sources */ = {isa = PBXBuildFile; fileRef = F01DBCF5268F039000034F3C /* Color_MagicPad.xcdatamodeld */; };
		F01DBCF9268F039500034F3C /* Assets.xcassets in Resources */ = {isa = PBXBuildFile; fileRef = F01DBCF8268F039500034F3C /* Assets.xcassets */; };
		F01DBCFC268F039500034F3C /* LaunchScreen.storyboard in Resources */ = {isa = PBXBuildFile; fileRef = F01DBCFA268F039500034F3C /* LaunchScreen.storyboard */; };
/* End PBXBuildFile section */

/* Begin PBXFileReference section */
		F01DBCE9268F039000034F3C /* Color-MagicPad.app */ = {isa = PBXFileReference; explicitFileType = wrapper.application; includeInIndex = 0; path = "Color-MagicPad.app"; sourceTree = BUILT_PRODUCTS_DIR; };
		F01DBCEC268F039000034F3C /* AppDelegate.swift */ = {isa = PBXFileReference; lastKnownFileType = sourcecode.swift; path = AppDelegate.swift; sourceTree = "<group>"; };
		F01DBCEE268F039000034F3C /* SceneDelegate.swift */ = {isa = PBXFileReference; lastKnownFileType = sourcecode.swift; path = SceneDelegate.swift; sourceTree = "<group>"; };
		F01DBCF0268F039000034F3C /* ViewController.swift */ = {isa = PBXFileReference; lastKnownFileType = sourcecode.swift; path = ViewController.swift; sourceTree = "<group>"; };
		F01DBCF3268F039000034F3C /* Base */ = {isa = PBXFileReference; lastKnownFileType = file.storyboard; name = Base; path = Base.lproj/Main.storyboard; sourceTree = "<group>"; };
		F01DBCF6268F039000034F3C /* Color_MagicPad.xcdatamodel */ = {isa = PBXFileReference; lastKnownFileType = wrapper.xcdatamodel; path = Color_MagicPad.xcdatamodel; sourceTree = "<group>"; };
		F01DBCF8268F039500034F3C /* Assets.xcassets */ = {isa = PBXFileReference; lastKnownFileType = folder.assetcatalog; path = Assets.xcassets; sourceTree = "<group>"; };
		F01DBCFB268F039500034F3C /* Base */ = {isa = PBXFileReference; lastKnownFileType = file.storyboard; name = Base; path = Base.lproj/LaunchScreen.storyboard; sourceTree = "<group>"; };
		F01DBCFD268F039500034F3C /* Info.plist */ = {isa = PBXFileReference; lastKnownFileType = text.plist.xml; path = Info.plist; sourceTree = "<group>"; };
/* End PBXFileReference section */

/* Begin PBXFrameworksBuildPhase section */
		F01DBCE6268F038F00034F3C /* Frameworks */ = {
			isa = PBXFrameworksBuildPhase;
			buildActionMask = 2147483647;
			files = (
			);
			runOnlyForDeploymentPostprocessing = 0;
		};
/* End PBXFrameworksBuildPhase section */

/* Begin PBXGroup section */
		F01DBCE0268F038F00034F3C = {
			isa = PBXGroup;
			children = (
				F01DBCEB268F039000034F3C /* Color-MagicPad */,
				F01DBCEA268F039000034F3C /* Products */,
			);
			sourceTree = "<group>";
		};
		F01DBCEA268F039000034F3C /* Products */ = {
			isa = PBXGroup;
			children = (
				F01DBCE9268F039000034F3C /* Color-MagicPad.app */,
			);
			name = Products;
			sourceTree = "<group>";
		};
		F01DBCEB268F039000034F3C /* Color-MagicPad */ = {
			isa = PBXGroup;
			children = (
				F01DBCEC268F039000034F3C /* AppDelegate.swift */,
				F01DBCEE268F039000034F3C /* SceneDelegate.swift */,
				F01DBCF0268F039000034F3C /* ViewController.swift */,
				F01DBCF2268F039000034F3C /* Main.storyboard */,
				F01DBCF8268F039500034F3C /* Assets.xcassets */,
				F01DBCFA268F039500034F3C /* LaunchScreen.storyboard */,
				F01DBCFD268F039500034F3C /* Info.plist */,
				F01DBCF5268F039000034F3C /* Color_MagicPad.xcdatamodeld */,
			);
			path = "Color-MagicPad";
			sourceTree = "<group>";
		};
/* End PBXGroup section */

/* Begin PBXNativeTarget section */
		F01DBCE8268F038F00034F3C /* Color-MagicPad */ = {
			isa = PBXNativeTarget;
			buildConfigurationList = F01DBD00268F039500034F3C /* Build configuration list for PBXNativeTarget "Color-MagicPad" */;
			buildPhases = (
				F01DBCE5268F038F00034F3C /* Sources */,
				F01DBCE6268F038F00034F3C /* Frameworks */,
				F01DBCE7268F038F00034F3C /* Resources */,
			);
			buildRules = (
			);
			dependencies = (
			);
			name = "Color-MagicPad";
			productName = "Color-MagicPad";
			productReference = F01DBCE9268F039000034F3C /* Color-MagicPad.app */;
			productType = "com.apple.product-type.application";
		};
/* End PBXNativeTarget section */

/* Begin PBXProject section */
		F01DBCE1268F038F00034F3C /* Project object */ = {
			isa = PBXProject;
			attributes = {
				LastSwiftUpdateCheck = 1240;
				LastUpgradeCheck = 1240;
				TargetAttributes = {
					F01DBCE8268F038F00034F3C = {
						CreatedOnToolsVersion = 12.4;
					};
				};
			};
			buildConfigurationList = F01DBCE4268F038F00034F3C /* Build configuration list for PBXProject "Color-MagicPad" */;
			compatibilityVersion = "Xcode 9.3";
			developmentRegion = en;
			hasScannedForEncodings = 0;
			knownRegions = (
				en,
				Base,
			);
			mainGroup = F01DBCE0268F038F00034F3C;
			productRefGroup = F01DBCEA268F039000034F3C /* Products */;
			projectDirPath = "";
			projectRoot = "";
			targets = (
				F01DBCE8268F038F00034F3C /* Color-MagicPad */,
			);
		};
/* End PBXProject section */

/* Begin PBXResourcesBuildPhase section */
		F01DBCE7268F038F00034F3C /* Resources */ = {
			isa = PBXResourcesBuildPhase;
			buildActionMask = 2147483647;
			files = (
				F01DBCFC268F039500034F3C /* LaunchScreen.storyboard in Resources */,
				F01DBCF9268F039500034F3C /* Assets.xcassets in Resources */,
				F01DBCF4268F039000034F3C /* Main.storyboard in Resources */,
			);
			runOnlyForDeploymentPostprocessing = 0;
		};
/* End PBXResourcesBuildPhase section */

/* Begin PBXSourcesBuildPhase section */
		F01DBCE5268F038F00034F3C /* Sources */ = {
			isa = PBXSourcesBuildPhase;
			buildActionMask = 2147483647;
			files = (
				F01DBCF1268F039000034F3C /* ViewController.swift in Sources */,
				F01DBCED268F039000034F3C /* AppDelegate.swift in Sources */,
				F01DBCEF268F039000034F3C /* SceneDelegate.swift in Sources */,
				F01DBCF7268F039000034F3C /* Color_MagicPad.xcdatamodeld in Sources */,
			);
			runOnlyForDeploymentPostprocessing = 0;
		};
/* End PBXSourcesBuildPhase section */

/* Begin PBXVariantGroup section */
		F01DBCF2268F039000034F3C /* Main.storyboard */ = {
			isa = PBXVariantGroup;
			children = (
				F01DBCF3268F039000034F3C /* Base */,
			);
			name = Main.storyboard;
			sourceTree = "<group>";
		};
		F01DBCFA268F039500034F3C /* LaunchScreen.storyboard */ = {
			isa = PBXVariantGroup;
			children = (
				F01DBCFB268F039500034F3C /* Base */,
			);
			name = LaunchScreen.storyboard;
			sourceTree = "<group>";
		};
/* End PBXVariantGroup section */

/* Begin XCBuildConfiguration section */
		F01DBCFE268F039500034F3C /* Debug */ = {
			isa = XCBuildConfiguration;
			buildSettings = {
				ALWAYS_SEARCH_USER_PATHS = NO;
				CLANG_ANALYZER_NONNULL = YES;
				CLANG_ANALYZER_NUMBER_OBJECT_CONVERSION = YES_AGGRESSIVE;
				CLANG_CXX_LANGUAGE_STANDARD = "gnu++14";
				CLANG_CXX_LIBRARY = "libc++";
				CLANG_ENABLE_MODULES = YES;
				CLANG_ENABLE_OBJC_ARC = YES;
				CLANG_ENABLE_OBJC_WEAK = YES;
				CLANG_WARN_BLOCK_CAPTURE_AUTORELEASING = YES;
				CLANG_WARN_BOOL_CONVERSION = YES;
				CLANG_WARN_COMMA = YES;
				CLANG_WARN_CONSTANT_CONVERSION = YES;
				CLANG_WARN_DEPRECATED_OBJC_IMPLEMENTATIONS = YES;
				CLANG_WARN_DIRECT_OBJC_ISA_USAGE = YES_ERROR;
				CLANG_WARN_DOCUMENTATION_COMMENTS = YES;
				CLANG_WARN_EMPTY_BODY = YES;
				CLANG_WARN_ENUM_CONVERSION = YES;
				CLANG_WARN_INFINITE_RECURSION = YES;
				CLANG_WARN_INT_CONVERSION = YES;
				CLANG_WARN_NON_LITERAL_NULL_CONVERSION = YES;
				CLANG_WARN_OBJC_IMPLICIT_RETAIN_SELF = YES;
				CLANG_WARN_OBJC_LITERAL_CONVERSION = YES;
				CLANG_WARN_OBJC_ROOT_CLASS = YES_ERROR;
				CLANG_WARN_QUOTED_INCLUDE_IN_FRAMEWORK_HEADER = YES;
				CLANG_WARN_RANGE_LOOP_ANALYSIS = YES;
				CLANG_WARN_STRICT_PROTOTYPES = YES;
				CLANG_WARN_SUSPICIOUS_MOVE = YES;
				CLANG_WARN_UNGUARDED_AVAILABILITY = YES_AGGRESSIVE;
				CLANG_WARN_UNREACHABLE_CODE = YES;
				CLANG_WARN__DUPLICATE_METHOD_MATCH = YES;
				COPY_PHASE_STRIP = NO;
				DEBUG_INFORMATION_FORMAT = dwarf;
				ENABLE_STRICT_OBJC_MSGSEND = YES;
				ENABLE_TESTABILITY = YES;
				GCC_C_LANGUAGE_STANDARD = gnu11;
				GCC_DYNAMIC_NO_PIC = NO;
				GCC_NO_COMMON_BLOCKS = YES;
				GCC_OPTIMIZATION_LEVEL = 0;
				GCC_PREPROCESSOR_DEFINITIONS = (
					"DEBUG=1",
					"$(inherited)",
				);
				GCC_WARN_64_TO_32_BIT_CONVERSION = YES;
				GCC_WARN_ABOUT_RETURN_TYPE = YES_ERROR;
				GCC_WARN_UNDECLARED_SELECTOR = YES;
				GCC_WARN_UNINITIALIZED_AUTOS = YES_AGGRESSIVE;
				GCC_WARN_UNUSED_FUNCTION = YES;
				GCC_WARN_UNUSED_VARIABLE = YES;
				IPHONEOS_DEPLOYMENT_TARGET = 14.4;
				MTL_ENABLE_DEBUG_INFO = INCLUDE_SOURCE;
				MTL_FAST_MATH = YES;
				ONLY_ACTIVE_ARCH = YES;
				SDKROOT = iphoneos;
				SWIFT_ACTIVE_COMPILATION_CONDITIONS = DEBUG;
				SWIFT_OPTIMIZATION_LEVEL = "-Onone";
			};
			name = Debug;
		};
		F01DBCFF268F039500034F3C /* Release */ = {
			isa = XCBuildConfiguration;
			buildSettings = {
				ALWAYS_SEARCH_USER_PATHS = NO;
				CLANG_ANALYZER_NONNULL = YES;
				CLANG_ANALYZER_NUMBER_OBJECT_CONVERSION = YES_AGGRESSIVE;
				CLANG_CXX_LANGUAGE_STANDARD = "gnu++14";
				CLANG_CXX_LIBRARY = "libc++";
				CLANG_ENABLE_MODULES = YES;
				CLANG_ENABLE_OBJC_ARC = YES;
				CLANG_ENABLE_OBJC_WEAK = YES;
				CLANG_WARN_BLOCK_CAPTURE_AUTORELEASING = YES;
				CLANG_WARN_BOOL_CONVERSION = YES;
				CLANG_WARN_COMMA = YES;
				CLANG_WARN_CONSTANT_CONVERSION = YES;
				CLANG_WARN_DEPRECATED_OBJC_IMPLEMENTATIONS = YES;
				CLANG_WARN_DIRECT_OBJC_ISA_USAGE = YES_ERROR;
				CLANG_WARN_DOCUMENTATION_COMMENTS = YES;
				CLANG_WARN_EMPTY_BODY = YES;
				CLANG_WARN_ENUM_CONVERSION = YES;
				CLANG_WARN_INFINITE_RECURSION = YES;
				CLANG_WARN_INT_CONVERSION = YES;
				CLANG_WARN_NON_LITERAL_NULL_CONVERSION = YES;
				CLANG_WARN_OBJC_IMPLICIT_RETAIN_SELF = YES;
				CLANG_WARN_OBJC_LITERAL_CONVERSION = YES;
				CLANG_WARN_OBJC_ROOT_CLASS = YES_ERROR;
				CLANG_WARN_QUOTED_INCLUDE_IN_FRAMEWORK_HEADER = YES;
				CLANG_WARN_RANGE_LOOP_ANALYSIS = YES;
				CLANG_WARN_STRICT_PROTOTYPES = YES;
				CLANG_WARN_SUSPICIOUS_MOVE = YES;
				CLANG_WARN_UNGUARDED_AVAILABILITY = YES_AGGRESSIVE;
				CLANG_WARN_UNREACHABLE_CODE = YES;
				CLANG_WARN__DUPLICATE_METHOD_MATCH = YES;
				COPY_PHASE_STRIP = NO;
				DEBUG_INFORMATION_FORMAT = "dwarf-with-dsym";
				ENABLE_NS_ASSERTIONS = NO;
				ENABLE_STRICT_OBJC_MSGSEND = YES;
				GCC_C_LANGUAGE_STANDARD = gnu11;
				GCC_NO_COMMON_BLOCKS = YES;
				GCC_WARN_64_TO_32_BIT_CONVERSION = YES;
				GCC_WARN_ABOUT_RETURN_TYPE = YES_ERROR;
				GCC_WARN_UNDECLARED_SELECTOR = YES;
				GCC_WARN_UNINITIALIZED_AUTOS = YES_AGGRESSIVE;
				GCC_WARN_UNUSED_FUNCTION = YES;
				GCC_WARN_UNUSED_VARIABLE = YES;
				IPHONEOS_DEPLOYMENT_TARGET = 14.4;
				MTL_ENABLE_DEBUG_INFO = NO;
				MTL_FAST_MATH = YES;
				SDKROOT = iphoneos;
				SWIFT_COMPILATION_MODE = wholemodule;
				SWIFT_OPTIMIZATION_LEVEL = "-O";
				VALIDATE_PRODUCT = YES;
			};
			name = Release;
		};
		F01DBD01268F039500034F3C /* Debug */ = {
			isa = XCBuildConfiguration;
			buildSettings = {
				ASSETCATALOG_COMPILER_APPICON_NAME = AppIcon;
				ASSETCATALOG_COMPILER_GLOBAL_ACCENT_COLOR_NAME = AccentColor;
				CODE_SIGN_STYLE = Automatic;
				DEVELOPMENT_TEAM = A5473VPV64;
				INFOPLIST_FILE = "Color-MagicPad/Info.plist";
				LD_RUNPATH_SEARCH_PATHS = (
					"$(inherited)",
					"@executable_path/Frameworks",
				);
				PRODUCT_BUNDLE_IDENTIFIER = "com.TimeToNote.2021.Color-MagicPad";
				PRODUCT_NAME = "$(TARGET_NAME)";
				SWIFT_VERSION = 5.0;
				TARGETED_DEVICE_FAMILY = "1,2";
			};
			name = Debug;
		};
		F01DBD02268F039500034F3C /* Release */ = {
			isa = XCBuildConfiguration;
			buildSettings = {
				ASSETCATALOG_COMPILER_APPICON_NAME = AppIcon;
				ASSETCATALOG_COMPILER_GLOBAL_ACCENT_COLOR_NAME = AccentColor;
				CODE_SIGN_STYLE = Automatic;
				DEVELOPMENT_TEAM = A5473VPV64;
				INFOPLIST_FILE = "Color-MagicPad/Info.plist";
				LD_RUNPATH_SEARCH_PATHS = (
					"$(inherited)",
					"@executable_path/Frameworks",
				);
				PRODUCT_BUNDLE_IDENTIFIER = "com.TimeToNote.2021.Color-MagicPad";
				PRODUCT_NAME = "$(TARGET_NAME)";
				SWIFT_VERSION = 5.0;
				TARGETED_DEVICE_FAMILY = "1,2";
			};
			name = Release;
		};
/* End XCBuildConfiguration section */

/* Begin XCConfigurationList section */
		F01DBCE4268F038F00034F3C /* Build configuration list for PBXProject "Color-MagicPad" */ = {
			isa = XCConfigurationList;
			buildConfigurations = (
				F01DBCFE268F039500034F3C /* Debug */,
				F01DBCFF268F039500034F3C /* Release */,
			);
			defaultConfigurationIsVisible = 0;
			defaultConfigurationName = Release;
		};
		F01DBD00268F039500034F3C /* Build configuration list for PBXNativeTarget "Color-MagicPad" */ = {
			isa = XCConfigurationList;
			buildConfigurations = (
				F01DBD01268F039500034F3C /* Debug */,
				F01DBD02268F039500034F3C /* Release */,
			);
			defaultConfigurationIsVisible = 0;
			defaultConfigurationName = Release;
		};
/* End XCConfigurationList section */

/* Begin XCVersionGroup section */
		F01DBCF5268F039000034F3C /* Color_MagicPad.xcdatamodeld */ = {
			isa = XCVersionGroup;
			children = (
				F01DBCF6268F039000034F3C /* Color_MagicPad.xcdatamodel */,
			);
			currentVersion = F01DBCF6268F039000034F3C /* Color_MagicPad.xcdatamodel */;
			path = Color_MagicPad.xcdatamodeld;
			sourceTree = "<group>";
			versionGroupType = wrapper.xcdatamodel;
		};
/* End XCVersionGroup section */
	};
	rootObject = F01DBCE1268F038F00034F3C /* Project object */;
}
